
Microsoft Visual Studio Solution File, Format Version 12.00
# Visual Studio Version 17
VisualStudioVersion = 17.5.002.0
MinimumVisualStudioVersion = 10.0.40219.1
Project("{9A19103F-16F7-4668-BE54-9A1E7A4F7556}") = "C#", "C#.csproj", "{28525924-2D8C-4FC7-B751-4676AA5F0BA7}"
EndProject
Project("{9A19103F-16F7-4668-BE54-9A1E7A4F7556}") = "Task00", "Task00\Task00.csproj", "{368F1AE5-8EF7-4BDA-A70A-D192E12ABD3D}"
EndProject
Project("{9A19103F-16F7-4668-BE54-9A1E7A4F7556}") = "Task001", "Task001\Task001.csproj", "{9ACD7AF2-9D4D-4358-A49B-08D608CCEE5B}"
EndProject
Project("{9A19103F-16F7-4668-BE54-9A1E7A4F7556}") = "Task010", "Task010\Task010.csproj", "{8CD015EF-4EDF-4F16-B9DA-517B6DFCA679}"
EndProject
Project("{9A19103F-16F7-4668-BE54-9A1E7A4F7556}") = "Task012", "Task012\Task012.csproj", "{7E350682-BA86-4D3C-A72B-E391D72B0213}"
EndProject
Project("{9A19103F-16F7-4668-BE54-9A1E7A4F7556}") = "Task013", "Task013\Task013.csproj", "{14BFD425-9AA1-4FAF-B09B-A1952BEA8804}"
EndProject
Project("{9A19103F-16F7-4668-BE54-9A1E7A4F7556}") = "Task014", "Task014\Task014.csproj", "{E24F1B6A-24D6-44EB-881C-FF06254F1B6C}"
EndProject
Project("{9A19103F-16F7-4668-BE54-9A1E7A4F7556}") = "Task015", "Task015\Task015.csproj", "{046AD83E-E29F-482A-BB0D-D587FCDA062F}"
EndProject
Project("{9A19103F-16F7-4668-BE54-9A1E7A4F7556}") = "Task016", "Task016\Task016.csproj", "{B5FE2843-C737-40DF-9F68-1B0A89B79141}"
EndProject
Project("{9A19103F-16F7-4668-BE54-9A1E7A4F7556}") = "Task019", "Task019\Task019.csproj", "{A0417D27-8B75-47AB-8E13-77EB09820A63}"
EndProject
Project("{9A19103F-16F7-4668-BE54-9A1E7A4F7556}") = "Task02", "Task02\Task02.csproj", "{0E393F1B-85E2-4EA0-9BC4-57BAFC59720E}"
EndProject
Project("{9A19103F-16F7-4668-BE54-9A1E7A4F7556}") = "Task03", "Task03\Task03.csproj", "{21950679-9813-4C25-9FA8-EA7C13907E09}"
EndProject
Project("{9A19103F-16F7-4668-BE54-9A1E7A4F7556}") = "Task04", "Task04\Task04.csproj", "{88EC3EE5-1195-46AC-9DC8-4F0E85A95D96}"
EndProject
Project("{9A19103F-16F7-4668-BE54-9A1E7A4F7556}") = "Task05", "Task05\Task05.csproj", "{022F4A91-5FE0-49BE-BF90-A4299AA3FDC3}"
EndProject
Project("{9A19103F-16F7-4668-BE54-9A1E7A4F7556}") = "Task06", "Task06\Task06.csproj", "{FD010417-5028-4B3D-8D4C-DC7B85FAA576}"
EndProject
Project("{9A19103F-16F7-4668-BE54-9A1E7A4F7556}") = "Task07", "Task07\Task07.csproj", "{65D1D392-95D4-4790-827A-4A6AC7E9A2B6}"
EndProject
Project("{9A19103F-16F7-4668-BE54-9A1E7A4F7556}") = "Task08", "Task08\Task08.csproj", "{DCDC8858-C573-4203-8207-BBD49D763E79}"
EndProject
Project("{9A19103F-16F7-4668-BE54-9A1E7A4F7556}") = "Task09", "Task09\Task09.csproj", "{266BCD0C-86AE-48B1-B4EB-108DE08D6FC5}"
EndProject
Project("{9A19103F-16F7-4668-BE54-9A1E7A4F7556}") = "Task11", "Task11\Task11.csproj", "{5165AD8A-0491-49AD-9D37-F17D7D9767E7}"
EndProject
Global
	GlobalSection(SolutionConfigurationPlatforms) = preSolution
		Debug|Any CPU = Debug|Any CPU
		Release|Any CPU = Release|Any CPU
	EndGlobalSection
	GlobalSection(ProjectConfigurationPlatforms) = postSolution
		{28525924-2D8C-4FC7-B751-4676AA5F0BA7}.Debug|Any CPU.ActiveCfg = Debug|Any CPU
		{28525924-2D8C-4FC7-B751-4676AA5F0BA7}.Debug|Any CPU.Build.0 = Debug|Any CPU
		{28525924-2D8C-4FC7-B751-4676AA5F0BA7}.Release|Any CPU.ActiveCfg = Release|Any CPU
		{28525924-2D8C-4FC7-B751-4676AA5F0BA7}.Release|Any CPU.Build.0 = Release|Any CPU
		{368F1AE5-8EF7-4BDA-A70A-D192E12ABD3D}.Debug|Any CPU.ActiveCfg = Debug|Any CPU
		{368F1AE5-8EF7-4BDA-A70A-D192E12ABD3D}.Debug|Any CPU.Build.0 = Debug|Any CPU
		{368F1AE5-8EF7-4BDA-A70A-D192E12ABD3D}.Release|Any CPU.ActiveCfg = Release|Any CPU
		{368F1AE5-8EF7-4BDA-A70A-D192E12ABD3D}.Release|Any CPU.Build.0 = Release|Any CPU
		{9ACD7AF2-9D4D-4358-A49B-08D608CCEE5B}.Debug|Any CPU.ActiveCfg = Debug|Any CPU
		{9ACD7AF2-9D4D-4358-A49B-08D608CCEE5B}.Debug|Any CPU.Build.0 = Debug|Any CPU
		{9ACD7AF2-9D4D-4358-A49B-08D608CCEE5B}.Release|Any CPU.ActiveCfg = Release|Any CPU
		{9ACD7AF2-9D4D-4358-A49B-08D608CCEE5B}.Release|Any CPU.Build.0 = Release|Any CPU
		{8CD015EF-4EDF-4F16-B9DA-517B6DFCA679}.Debug|Any CPU.ActiveCfg = Debug|Any CPU
		{8CD015EF-4EDF-4F16-B9DA-517B6DFCA679}.Debug|Any CPU.Build.0 = Debug|Any CPU
		{8CD015EF-4EDF-4F16-B9DA-517B6DFCA679}.Release|Any CPU.ActiveCfg = Release|Any CPU
		{8CD015EF-4EDF-4F16-B9DA-517B6DFCA679}.Release|Any CPU.Build.0 = Release|Any CPU
		{7E350682-BA86-4D3C-A72B-E391D72B0213}.Debug|Any CPU.ActiveCfg = Debug|Any CPU
		{7E350682-BA86-4D3C-A72B-E391D72B0213}.Debug|Any CPU.Build.0 = Debug|Any CPU
		{7E350682-BA86-4D3C-A72B-E391D72B0213}.Release|Any CPU.ActiveCfg = Release|Any CPU
		{7E350682-BA86-4D3C-A72B-E391D72B0213}.Release|Any CPU.Build.0 = Release|Any CPU
		{14BFD425-9AA1-4FAF-B09B-A1952BEA8804}.Debug|Any CPU.ActiveCfg = Debug|Any CPU
		{14BFD425-9AA1-4FAF-B09B-A1952BEA8804}.Debug|Any CPU.Build.0 = Debug|Any CPU
		{14BFD425-9AA1-4FAF-B09B-A1952BEA8804}.Release|Any CPU.ActiveCfg = Release|Any CPU
		{14BFD425-9AA1-4FAF-B09B-A1952BEA8804}.Release|Any CPU.Build.0 = Release|Any CPU
		{E24F1B6A-24D6-44EB-881C-FF06254F1B6C}.Debug|Any CPU.ActiveCfg = Debug|Any CPU
		{E24F1B6A-24D6-44EB-881C-FF06254F1B6C}.Debug|Any CPU.Build.0 = Debug|Any CPU
		{E24F1B6A-24D6-44EB-881C-FF06254F1B6C}.Release|Any CPU.ActiveCfg = Release|Any CPU
		{E24F1B6A-24D6-44EB-881C-FF06254F1B6C}.Release|Any CPU.Build.0 = Release|Any CPU
		{046AD83E-E29F-482A-BB0D-D587FCDA062F}.Debug|Any CPU.ActiveCfg = Debug|Any CPU
		{046AD83E-E29F-482A-BB0D-D587FCDA062F}.Debug|Any CPU.Build.0 = Debug|Any CPU
		{046AD83E-E29F-482A-BB0D-D587FCDA062F}.Release|Any CPU.ActiveCfg = Release|Any CPU
		{046AD83E-E29F-482A-BB0D-D587FCDA062F}.Release|Any CPU.Build.0 = Release|Any CPU
		{B5FE2843-C737-40DF-9F68-1B0A89B79141}.Debug|Any CPU.ActiveCfg = Debug|Any CPU
		{B5FE2843-C737-40DF-9F68-1B0A89B79141}.Debug|Any CPU.Build.0 = Debug|Any CPU
		{B5FE2843-C737-40DF-9F68-1B0A89B79141}.Release|Any CPU.ActiveCfg = Release|Any CPU
		{B5FE2843-C737-40DF-9F68-1B0A89B79141}.Release|Any CPU.Build.0 = Release|Any CPU
		{A0417D27-8B75-47AB-8E13-77EB09820A63}.Debug|Any CPU.ActiveCfg = Debug|Any CPU
		{A0417D27-8B75-47AB-8E13-77EB09820A63}.Debug|Any CPU.Build.0 = Debug|Any CPU
		{A0417D27-8B75-47AB-8E13-77EB09820A63}.Release|Any CPU.ActiveCfg = Release|Any CPU
		{A0417D27-8B75-47AB-8E13-77EB09820A63}.Release|Any CPU.Build.0 = Release|Any CPU
		{0E393F1B-85E2-4EA0-9BC4-57BAFC59720E}.Debug|Any CPU.ActiveCfg = Debug|Any CPU
		{0E393F1B-85E2-4EA0-9BC4-57BAFC59720E}.Debug|Any CPU.Build.0 = Debug|Any CPU
		{0E393F1B-85E2-4EA0-9BC4-57BAFC59720E}.Release|Any CPU.ActiveCfg = Release|Any CPU
		{0E393F1B-85E2-4EA0-9BC4-57BAFC59720E}.Release|Any CPU.Build.0 = Release|Any CPU
		{21950679-9813-4C25-9FA8-EA7C13907E09}.Debug|Any CPU.ActiveCfg = Debug|Any CPU
		{21950679-9813-4C25-9FA8-EA7C13907E09}.Debug|Any CPU.Build.0 = Debug|Any CPU
		{21950679-9813-4C25-9FA8-EA7C13907E09}.Release|Any CPU.ActiveCfg = Release|Any CPU
		{21950679-9813-4C25-9FA8-EA7C13907E09}.Release|Any CPU.Build.0 = Release|Any CPU
		{88EC3EE5-1195-46AC-9DC8-4F0E85A95D96}.Debug|Any CPU.ActiveCfg = Debug|Any CPU
		{88EC3EE5-1195-46AC-9DC8-4F0E85A95D96}.Debug|Any CPU.Build.0 = Debug|Any CPU
		{88EC3EE5-1195-46AC-9DC8-4F0E85A95D96}.Release|Any CPU.ActiveCfg = Release|Any CPU
		{88EC3EE5-1195-46AC-9DC8-4F0E85A95D96}.Release|Any CPU.Build.0 = Release|Any CPU
		{022F4A91-5FE0-49BE-BF90-A4299AA3FDC3}.Debug|Any CPU.ActiveCfg = Debug|Any CPU
		{022F4A91-5FE0-49BE-BF90-A4299AA3FDC3}.Debug|Any CPU.Build.0 = Debug|Any CPU
		{022F4A91-5FE0-49BE-BF90-A4299AA3FDC3}.Release|Any CPU.ActiveCfg = Release|Any CPU
		{022F4A91-5FE0-49BE-BF90-A4299AA3FDC3}.Release|Any CPU.Build.0 = Release|Any CPU
		{FD010417-5028-4B3D-8D4C-DC7B85FAA576}.Debug|Any CPU.ActiveCfg = Debug|Any CPU
		{FD010417-5028-4B3D-8D4C-DC7B85FAA576}.Debug|Any CPU.Build.0 = Debug|Any CPU
		{FD010417-5028-4B3D-8D4C-DC7B85FAA576}.Release|Any CPU.ActiveCfg = Release|Any CPU
		{FD010417-5028-4B3D-8D4C-DC7B85FAA576}.Release|Any CPU.Build.0 = Release|Any CPU
		{65D1D392-95D4-4790-827A-4A6AC7E9A2B6}.Debug|Any CPU.ActiveCfg = Debug|Any CPU
		{65D1D392-95D4-4790-827A-4A6AC7E9A2B6}.Debug|Any CPU.Build.0 = Debug|Any CPU
		{65D1D392-95D4-4790-827A-4A6AC7E9A2B6}.Release|Any CPU.ActiveCfg = Release|Any CPU
		{65D1D392-95D4-4790-827A-4A6AC7E9A2B6}.Release|Any CPU.Build.0 = Release|Any CPU
		{DCDC8858-C573-4203-8207-BBD49D763E79}.Debug|Any CPU.ActiveCfg = Debug|Any CPU
		{DCDC8858-C573-4203-8207-BBD49D763E79}.Debug|Any CPU.Build.0 = Debug|Any CPU
		{DCDC8858-C573-4203-8207-BBD49D763E79}.Release|Any CPU.ActiveCfg = Release|Any CPU
		{DCDC8858-C573-4203-8207-BBD49D763E79}.Release|Any CPU.Build.0 = Release|Any CPU
		{266BCD0C-86AE-48B1-B4EB-108DE08D6FC5}.Debug|Any CPU.ActiveCfg = Debug|Any CPU
		{266BCD0C-86AE-48B1-B4EB-108DE08D6FC5}.Debug|Any CPU.Build.0 = Debug|Any CPU
		{266BCD0C-86AE-48B1-B4EB-108DE08D6FC5}.Release|Any CPU.ActiveCfg = Release|Any CPU
		{266BCD0C-86AE-48B1-B4EB-108DE08D6FC5}.Release|Any CPU.Build.0 = Release|Any CPU
		{5165AD8A-0491-49AD-9D37-F17D7D9767E7}.Debug|Any CPU.ActiveCfg = Debug|Any CPU
		{5165AD8A-0491-49AD-9D37-F17D7D9767E7}.Debug|Any CPU.Build.0 = Debug|Any CPU
		{5165AD8A-0491-49AD-9D37-F17D7D9767E7}.Release|Any CPU.ActiveCfg = Release|Any CPU
		{5165AD8A-0491-49AD-9D37-F17D7D9767E7}.Release|Any CPU.Build.0 = Release|Any CPU
	EndGlobalSection
	GlobalSection(SolutionProperties) = preSolution
		HideSolutionNode = FALSE
	EndGlobalSection
	GlobalSection(ExtensibilityGlobals) = postSolution
		SolutionGuid = {D0903E30-6825-4B8E-A0E2-0DCF8B2149E0}
	EndGlobalSection
EndGlobal
